
Microsoft Visual Studio Solution File, Format Version 12.00
# Visual Studio Version 17
VisualStudioVersion = 17.7.34024.191
MinimumVisualStudioVersion = 10.0.40219.1
Project("{9A19103F-16F7-4668-BE54-9A1E7A4F7556}") = "DataContext.Core", "src\DataContext.Core.csproj", "{0BF2B9FF-A85A-4B18-A2C0-16C56FA54FFF}"
EndProject
Global
	GlobalSection(SolutionConfigurationPlatforms) = preSolution
		Debug|Any CPU = Debug|Any CPU
		Release|Any CPU = Release|Any CPU
	EndGlobalSection
	GlobalSection(ProjectConfigurationPlatforms) = postSolution
		{0BF2B9FF-A85A-4B18-A2C0-16C56FA54FFF}.Debug|Any CPU.ActiveCfg = Debug|Any CPU
		{0BF2B9FF-A85A-4B18-A2C0-16C56FA54FFF}.Debug|Any CPU.Build.0 = Debug|Any CPU
		{0BF2B9FF-A85A-4B18-A2C0-16C56FA54FFF}.Release|Any CPU.ActiveCfg = Release|Any CPU
		{0BF2B9FF-A85A-4B18-A2C0-16C56FA54FFF}.Release|Any CPU.Build.0 = Release|Any CPU
	EndGlobalSection
	GlobalSection(SolutionProperties) = preSolution
		HideSolutionNode = FALSE
	EndGlobalSection
	GlobalSection(ExtensibilityGlobals) = postSolution
		SolutionGuid = {73E4F705-77E3-487F-9DCC-7191721F0DA4}
	EndGlobalSection
EndGlobal
